
Microsoft Visual Studio Solution File, Format Version 12.00
# Visual Studio Version 17
VisualStudioVersion = 17.5.33530.505
MinimumVisualStudioVersion = 10.0.40219.1
Project("{FAE04EC0-301F-11D3-BF4B-00C04F79EFBC}") = "ContactManagement", "ContactManagement\ContactManagement.csproj", "{5F988332-204D-4829-982A-8251A9BF3F07}"
EndProject
Global
	GlobalSection(SolutionConfigurationPlatforms) = preSolution
		Debug|Any CPU = Debug|Any CPU
		Release|Any CPU = Release|Any CPU
	EndGlobalSection
	GlobalSection(ProjectConfigurationPlatforms) = postSolution
		{5F988332-204D-4829-982A-8251A9BF3F07}.Debug|Any CPU.ActiveCfg = Debug|Any CPU
		{5F988332-204D-4829-982A-8251A9BF3F07}.Debug|Any CPU.Build.0 = Debug|Any CPU
		{5F988332-204D-4829-982A-8251A9BF3F07}.Release|Any CPU.ActiveCfg = Release|Any CPU
		{5F988332-204D-4829-982A-8251A9BF3F07}.Release|Any CPU.Build.0 = Release|Any CPU
	EndGlobalSection
	GlobalSection(SolutionProperties) = preSolution
		HideSolutionNode = FALSE
	EndGlobalSection
	GlobalSection(ExtensibilityGlobals) = postSolution
		SolutionGuid = {70336C54-3DA0-4EA3-8192-D99B3E149850}
	EndGlobalSection
EndGlobal
